// !$*UTF8*$!
{
	archiveVersion = 1;
	classes = {
	};
	objectVersion = 56;
	objects = {

/* Begin PBXBuildFile section */
		78097C0F2AC0409B0085A075 /* UserSessionManager.swift in Sources */ = {isa = PBXBuildFile; fileRef = 78097C0E2AC0409B0085A075 /* UserSessionManager.swift */; };
		78097C112AC1DE110085A075 /* IncomeAdd.swift in Sources */ = {isa = PBXBuildFile; fileRef = 78097C102AC1DE110085A075 /* IncomeAdd.swift */; };
		782205E82ABED919004D84F6 /* UserRegistrationScreenView.swift in Sources */ = {isa = PBXBuildFile; fileRef = 782205E72ABED919004D84F6 /* UserRegistrationScreenView.swift */; };
		782205EA2ABEDD0D004D84F6 /* UserLoginScreenView.swift in Sources */ = {isa = PBXBuildFile; fileRef = 782205E92ABEDD0D004D84F6 /* UserLoginScreenView.swift */; };
		782205EC2ABEE6DB004D84F6 /* DashboardScreenview.swift in Sources */ = {isa = PBXBuildFile; fileRef = 782205EB2ABEE6DB004D84F6 /* DashboardScreenview.swift */; };
		782205F52ABEFC75004D84F6 /* SubscriptionModel.swift in Sources */ = {isa = PBXBuildFile; fileRef = 782205F42ABEFC75004D84F6 /* SubscriptionModel.swift */; };
		782205F82ABEFD92004D84F6 /* ArcShape.swift in Sources */ = {isa = PBXBuildFile; fileRef = 782205F72ABEFD92004D84F6 /* ArcShape.swift */; };
		782205FA2ABEFDCC004D84F6 /* StatusButton.swift in Sources */ = {isa = PBXBuildFile; fileRef = 782205F92ABEFDCC004D84F6 /* StatusButton.swift */; };
		782205FC2ABEFF44004D84F6 /* SegmentButton.swift in Sources */ = {isa = PBXBuildFile; fileRef = 782205FB2ABEFF44004D84F6 /* SegmentButton.swift */; };
		782205FF2ABEFFA9004D84F6 /* SubScriptionHomeRow.swift in Sources */ = {isa = PBXBuildFile; fileRef = 782205FE2ABEFFA9004D84F6 /* SubScriptionHomeRow.swift */; };
		782206012ABF0005004D84F6 /* UpcomingBillRow.swift in Sources */ = {isa = PBXBuildFile; fileRef = 782206002ABF0005004D84F6 /* UpcomingBillRow.swift */; };
		782206032ABF1632004D84F6 /* Expense.swift in Sources */ = {isa = PBXBuildFile; fileRef = 782206022ABF1632004D84F6 /* Expense.swift */; };
		782206092ABF1871004D84F6 /* NavigationTab.swift in Sources */ = {isa = PBXBuildFile; fileRef = 782206082ABF1871004D84F6 /* NavigationTab.swift */; };
		7822060C2ABF2533004D84F6 /* BudgetView.swift in Sources */ = {isa = PBXBuildFile; fileRef = 7822060B2ABF2533004D84F6 /* BudgetView.swift */; };
		782206122ABF263F004D84F6 /* BudgetModel.swift in Sources */ = {isa = PBXBuildFile; fileRef = 782206112ABF263F004D84F6 /* BudgetModel.swift */; };
		782206162ABF2901004D84F6 /* BudgetCard.swift in Sources */ = {isa = PBXBuildFile; fileRef = 782206152ABF2901004D84F6 /* BudgetCard.swift */; };
		78231C2B2AC1F49E00A54F0F /* SavingAdd.swift in Sources */ = {isa = PBXBuildFile; fileRef = 78231C2A2AC1F49E00A54F0F /* SavingAdd.swift */; };
		78839DB02ABE9E8200D0778D /* IOS_CW1App.swift in Sources */ = {isa = PBXBuildFile; fileRef = 78839DAF2ABE9E8200D0778D /* IOS_CW1App.swift */; };
		78839DB22ABE9E8200D0778D /* ContentView.swift in Sources */ = {isa = PBXBuildFile; fileRef = 78839DB12ABE9E8200D0778D /* ContentView.swift */; };
		78839DB42ABE9E8400D0778D /* Assets.xcassets in Resources */ = {isa = PBXBuildFile; fileRef = 78839DB32ABE9E8400D0778D /* Assets.xcassets */; };
		78839DB72ABE9E8400D0778D /* Preview Assets.xcassets in Resources */ = {isa = PBXBuildFile; fileRef = 78839DB62ABE9E8400D0778D /* Preview Assets.xcassets */; };
		78839DC12ABEACED00D0778D /* WelcomeScreenView.swift in Sources */ = {isa = PBXBuildFile; fileRef = 78839DC02ABEACED00D0778D /* WelcomeScreenView.swift */; };
		78B5B24C2ABF35040075878F /* CategoryAdd.swift in Sources */ = {isa = PBXBuildFile; fileRef = 78B5B24B2ABF35040075878F /* CategoryAdd.swift */; };
		78B5B24E2ABF36580075878F /* InpuTextField.swift in Sources */ = {isa = PBXBuildFile; fileRef = 78B5B24D2ABF36580075878F /* InpuTextField.swift */; };
		78B5B2522ABF38C50075878F /* ButtonPrimary.swift in Sources */ = {isa = PBXBuildFile; fileRef = 78B5B2512ABF38C50075878F /* ButtonPrimary.swift */; };
		78B5B2542ABF3F490075878F /* ExpensesAdd.swift in Sources */ = {isa = PBXBuildFile; fileRef = 78B5B2532ABF3F490075878F /* ExpensesAdd.swift */; };
		78B5B2562ABF5C710075878F /* BarChart.swift in Sources */ = {isa = PBXBuildFile; fileRef = 78B5B2552ABF5C710075878F /* BarChart.swift */; };
		78B5B25E2ABF64150075878F /* SwiftPieChart in Frameworks */ = {isa = PBXBuildFile; productRef = 78B5B25D2ABF64150075878F /* SwiftPieChart */; };
		78E873BA2AC33E62008F15EB /* SummaryReport.swift in Sources */ = {isa = PBXBuildFile; fileRef = 78E873B92AC33E62008F15EB /* SummaryReport.swift */; };
/* End PBXBuildFile section */

/* Begin PBXFileReference section */
		78097C0E2AC0409B0085A075 /* UserSessionManager.swift */ = {isa = PBXFileReference; lastKnownFileType = sourcecode.swift; path = UserSessionManager.swift; sourceTree = "<group>"; };
		78097C102AC1DE110085A075 /* IncomeAdd.swift */ = {isa = PBXFileReference; lastKnownFileType = sourcecode.swift; path = IncomeAdd.swift; sourceTree = "<group>"; };
		782205E72ABED919004D84F6 /* UserRegistrationScreenView.swift */ = {isa = PBXFileReference; lastKnownFileType = sourcecode.swift; path = UserRegistrationScreenView.swift; sourceTree = "<group>"; };
		782205E92ABEDD0D004D84F6 /* UserLoginScreenView.swift */ = {isa = PBXFileReference; lastKnownFileType = sourcecode.swift; path = UserLoginScreenView.swift; sourceTree = "<group>"; };
		782205EB2ABEE6DB004D84F6 /* DashboardScreenview.swift */ = {isa = PBXFileReference; lastKnownFileType = sourcecode.swift; path = DashboardScreenview.swift; sourceTree = "<group>"; };
		782205F42ABEFC75004D84F6 /* SubscriptionModel.swift */ = {isa = PBXFileReference; lastKnownFileType = sourcecode.swift; path = SubscriptionModel.swift; sourceTree = "<group>"; };
		782205F72ABEFD92004D84F6 /* ArcShape.swift */ = {isa = PBXFileReference; lastKnownFileType = sourcecode.swift; path = ArcShape.swift; sourceTree = "<group>"; };
		782205F92ABEFDCC004D84F6 /* StatusButton.swift */ = {isa = PBXFileReference; lastKnownFileType = sourcecode.swift; path = StatusButton.swift; sourceTree = "<group>"; };
		782205FB2ABEFF44004D84F6 /* SegmentButton.swift */ = {isa = PBXFileReference; lastKnownFileType = sourcecode.swift; path = SegmentButton.swift; sourceTree = "<group>"; };
		782205FE2ABEFFA9004D84F6 /* SubScriptionHomeRow.swift */ = {isa = PBXFileReference; lastKnownFileType = sourcecode.swift; path = SubScriptionHomeRow.swift; sourceTree = "<group>"; };
		782206002ABF0005004D84F6 /* UpcomingBillRow.swift */ = {isa = PBXFileReference; lastKnownFileType = sourcecode.swift; path = UpcomingBillRow.swift; sourceTree = "<group>"; };
		782206022ABF1632004D84F6 /* Expense.swift */ = {isa = PBXFileReference; lastKnownFileType = sourcecode.swift; path = Expense.swift; sourceTree = "<group>"; };
		782206082ABF1871004D84F6 /* NavigationTab.swift */ = {isa = PBXFileReference; lastKnownFileType = sourcecode.swift; path = NavigationTab.swift; sourceTree = "<group>"; };
		7822060B2ABF2533004D84F6 /* BudgetView.swift */ = {isa = PBXFileReference; lastKnownFileType = sourcecode.swift; path = BudgetView.swift; sourceTree = "<group>"; };
		782206112ABF263F004D84F6 /* BudgetModel.swift */ = {isa = PBXFileReference; lastKnownFileType = sourcecode.swift; path = BudgetModel.swift; sourceTree = "<group>"; };
		782206152ABF2901004D84F6 /* BudgetCard.swift */ = {isa = PBXFileReference; lastKnownFileType = sourcecode.swift; path = BudgetCard.swift; sourceTree = "<group>"; };
		78231C2A2AC1F49E00A54F0F /* SavingAdd.swift */ = {isa = PBXFileReference; lastKnownFileType = sourcecode.swift; path = SavingAdd.swift; sourceTree = "<group>"; };
		78839DAC2ABE9E8200D0778D /* IOS_CW1.app */ = {isa = PBXFileReference; explicitFileType = wrapper.application; includeInIndex = 0; path = IOS_CW1.app; sourceTree = BUILT_PRODUCTS_DIR; };
		78839DAF2ABE9E8200D0778D /* IOS_CW1App.swift */ = {isa = PBXFileReference; lastKnownFileType = sourcecode.swift; path = IOS_CW1App.swift; sourceTree = "<group>"; };
		78839DB12ABE9E8200D0778D /* ContentView.swift */ = {isa = PBXFileReference; lastKnownFileType = sourcecode.swift; path = ContentView.swift; sourceTree = "<group>"; };
		78839DB32ABE9E8400D0778D /* Assets.xcassets */ = {isa = PBXFileReference; lastKnownFileType = folder.assetcatalog; path = Assets.xcassets; sourceTree = "<group>"; };
		78839DB62ABE9E8400D0778D /* Preview Assets.xcassets */ = {isa = PBXFileReference; lastKnownFileType = folder.assetcatalog; path = "Preview Assets.xcassets"; sourceTree = "<group>"; };
		78839DC02ABEACED00D0778D /* WelcomeScreenView.swift */ = {isa = PBXFileReference; lastKnownFileType = sourcecode.swift; path = WelcomeScreenView.swift; sourceTree = "<group>"; };
		78B5B24B2ABF35040075878F /* CategoryAdd.swift */ = {isa = PBXFileReference; lastKnownFileType = sourcecode.swift; path = CategoryAdd.swift; sourceTree = "<group>"; };
		78B5B24D2ABF36580075878F /* InpuTextField.swift */ = {isa = PBXFileReference; lastKnownFileType = sourcecode.swift; path = InpuTextField.swift; sourceTree = "<group>"; };
		78B5B2512ABF38C50075878F /* ButtonPrimary.swift */ = {isa = PBXFileReference; lastKnownFileType = sourcecode.swift; path = ButtonPrimary.swift; sourceTree = "<group>"; };
		78B5B2532ABF3F490075878F /* ExpensesAdd.swift */ = {isa = PBXFileReference; lastKnownFileType = sourcecode.swift; path = ExpensesAdd.swift; sourceTree = "<group>"; };
		78B5B2552ABF5C710075878F /* BarChart.swift */ = {isa = PBXFileReference; lastKnownFileType = sourcecode.swift; path = BarChart.swift; sourceTree = "<group>"; };
		78E873B92AC33E62008F15EB /* SummaryReport.swift */ = {isa = PBXFileReference; lastKnownFileType = sourcecode.swift; path = SummaryReport.swift; sourceTree = "<group>"; };
/* End PBXFileReference section */

/* Begin PBXFrameworksBuildPhase section */
		78839DA92ABE9E8200D0778D /* Frameworks */ = {
			isa = PBXFrameworksBuildPhase;
			buildActionMask = 2147483647;
			files = (
				78B5B25E2ABF64150075878F /* SwiftPieChart in Frameworks */,
			);
			runOnlyForDeploymentPostprocessing = 0;
		};
/* End PBXFrameworksBuildPhase section */

/* Begin PBXGroup section */
		782205EF2ABEF9C8004D84F6 /* Login */ = {
			isa = PBXGroup;
			children = (
				782205E92ABEDD0D004D84F6 /* UserLoginScreenView.swift */,
			);
			path = Login;
			sourceTree = "<group>";
		};
		782205F02ABEF9FE004D84F6 /* Dashboard */ = {
			isa = PBXGroup;
			children = (
				782205EB2ABEE6DB004D84F6 /* DashboardScreenview.swift */,
			);
			path = Dashboard;
			sourceTree = "<group>";
		};
		782205F12ABEFA0F004D84F6 /* Register */ = {
			isa = PBXGroup;
			children = (
				782205E72ABED919004D84F6 /* UserRegistrationScreenView.swift */,
			);
			path = Register;
			sourceTree = "<group>";
		};
		782205F22ABEFA2A004D84F6 /* Main */ = {
			isa = PBXGroup;
			children = (
				78839DC02ABEACED00D0778D /* WelcomeScreenView.swift */,
			);
			path = Main;
			sourceTree = "<group>";
		};
		782205F32ABEFAB2004D84F6 /* Model */ = {
			isa = PBXGroup;
			children = (
				782205F42ABEFC75004D84F6 /* SubscriptionModel.swift */,
				782206022ABF1632004D84F6 /* Expense.swift */,
				782206112ABF263F004D84F6 /* BudgetModel.swift */,
			);
			path = Model;
			sourceTree = "<group>";
		};
		782205F62ABEFD50004D84F6 /* UICommon */ = {
			isa = PBXGroup;
			children = (
				782205F72ABEFD92004D84F6 /* ArcShape.swift */,
				782205F92ABEFDCC004D84F6 /* StatusButton.swift */,
				782205FB2ABEFF44004D84F6 /* SegmentButton.swift */,
				782205FE2ABEFFA9004D84F6 /* SubScriptionHomeRow.swift */,
				782206002ABF0005004D84F6 /* UpcomingBillRow.swift */,
				782206152ABF2901004D84F6 /* BudgetCard.swift */,
				78B5B24B2ABF35040075878F /* CategoryAdd.swift */,
				78B5B24D2ABF36580075878F /* InpuTextField.swift */,
				78B5B2512ABF38C50075878F /* ButtonPrimary.swift */,
				78B5B2532ABF3F490075878F /* ExpensesAdd.swift */,
				78B5B2552ABF5C710075878F /* BarChart.swift */,
				78097C0E2AC0409B0085A075 /* UserSessionManager.swift */,
				78097C102AC1DE110085A075 /* IncomeAdd.swift */,
				78231C2A2AC1F49E00A54F0F /* SavingAdd.swift */,
			);
			path = UICommon;
			sourceTree = "<group>";
		};
		782206072ABF1858004D84F6 /* NavigationTab */ = {
			isa = PBXGroup;
			children = (
				782206082ABF1871004D84F6 /* NavigationTab.swift */,
			);
			path = NavigationTab;
			sourceTree = "<group>";
		};
		7822060A2ABF2517004D84F6 /* Budget */ = {
			isa = PBXGroup;
			children = (
				7822060B2ABF2533004D84F6 /* BudgetView.swift */,
			);
			path = Budget;
			sourceTree = "<group>";
		};
		78839DA32ABE9E8200D0778D = {
			isa = PBXGroup;
			children = (
				78839DAE2ABE9E8200D0778D /* IOS_CW1 */,
				78839DAD2ABE9E8200D0778D /* Products */,
			);
			sourceTree = "<group>";
		};
		78839DAD2ABE9E8200D0778D /* Products */ = {
			isa = PBXGroup;
			children = (
				78839DAC2ABE9E8200D0778D /* IOS_CW1.app */,
			);
			name = Products;
			sourceTree = "<group>";
		};
		78839DAE2ABE9E8200D0778D /* IOS_CW1 */ = {
			isa = PBXGroup;
			children = (
				782205F62ABEFD50004D84F6 /* UICommon */,
				782205F32ABEFAB2004D84F6 /* Model */,
				78839DBF2ABEA5AB00D0778D /* View */,
				78839DAF2ABE9E8200D0778D /* IOS_CW1App.swift */,
				78839DB12ABE9E8200D0778D /* ContentView.swift */,
				78839DB32ABE9E8400D0778D /* Assets.xcassets */,
				78839DB52ABE9E8400D0778D /* Preview Content */,
			);
			path = IOS_CW1;
			sourceTree = "<group>";
		};
		78839DB52ABE9E8400D0778D /* Preview Content */ = {
			isa = PBXGroup;
			children = (
				78839DB62ABE9E8400D0778D /* Preview Assets.xcassets */,
			);
			path = "Preview Content";
			sourceTree = "<group>";
		};
		78839DBF2ABEA5AB00D0778D /* View */ = {
			isa = PBXGroup;
			children = (
				78E873B82AC33E37008F15EB /* Report */,
				7822060A2ABF2517004D84F6 /* Budget */,
				782206072ABF1858004D84F6 /* NavigationTab */,
				782205F22ABEFA2A004D84F6 /* Main */,
				782205F12ABEFA0F004D84F6 /* Register */,
				782205F02ABEF9FE004D84F6 /* Dashboard */,
				782205EF2ABEF9C8004D84F6 /* Login */,
			);
			path = View;
			sourceTree = "<group>";
		};
		78E873B82AC33E37008F15EB /* Report */ = {
			isa = PBXGroup;
			children = (
				78E873B92AC33E62008F15EB /* SummaryReport.swift */,
			);
			path = Report;
			sourceTree = "<group>";
		};
/* End PBXGroup section */

/* Begin PBXNativeTarget section */
		78839DAB2ABE9E8200D0778D /* IOS_CW1 */ = {
			isa = PBXNativeTarget;
			buildConfigurationList = 78839DBA2ABE9E8400D0778D /* Build configuration list for PBXNativeTarget "IOS_CW1" */;
			buildPhases = (
				78839DA82ABE9E8200D0778D /* Sources */,
				78839DA92ABE9E8200D0778D /* Frameworks */,
				78839DAA2ABE9E8200D0778D /* Resources */,
			);
			buildRules = (
			);
			dependencies = (
			);
			name = IOS_CW1;
			packageProductDependencies = (
				78B5B25D2ABF64150075878F /* SwiftPieChart */,
			);
			productName = IOS_CW1;
			productReference = 78839DAC2ABE9E8200D0778D /* IOS_CW1.app */;
			productType = "com.apple.product-type.application";
		};
/* End PBXNativeTarget section */

/* Begin PBXProject section */
		78839DA42ABE9E8200D0778D /* Project object */ = {
			isa = PBXProject;
			attributes = {
				BuildIndependentTargetsInParallel = 1;
				LastSwiftUpdateCheck = 1420;
				LastUpgradeCheck = 1420;
				TargetAttributes = {
					78839DAB2ABE9E8200D0778D = {
						CreatedOnToolsVersion = 14.2;
					};
				};
			};
			buildConfigurationList = 78839DA72ABE9E8200D0778D /* Build configuration list for PBXProject "IOS_CW1" */;
			compatibilityVersion = "Xcode 14.0";
			developmentRegion = en;
			hasScannedForEncodings = 0;
			knownRegions = (
				en,
				Base,
			);
			mainGroup = 78839DA32ABE9E8200D0778D;
			packageReferences = (
				78B5B25C2ABF64150075878F /* XCRemoteSwiftPackageReference "SwiftPieChart" */,
			);
			productRefGroup = 78839DAD2ABE9E8200D0778D /* Products */;
			projectDirPath = "";
			projectRoot = "";
			targets = (
				78839DAB2ABE9E8200D0778D /* IOS_CW1 */,
			);
		};
/* End PBXProject section */

/* Begin PBXResourcesBuildPhase section */
		78839DAA2ABE9E8200D0778D /* Resources */ = {
			isa = PBXResourcesBuildPhase;
			buildActionMask = 2147483647;
			files = (
				78839DB72ABE9E8400D0778D /* Preview Assets.xcassets in Resources */,
				78839DB42ABE9E8400D0778D /* Assets.xcassets in Resources */,
			);
			runOnlyForDeploymentPostprocessing = 0;
		};
/* End PBXResourcesBuildPhase section */

/* Begin PBXSourcesBuildPhase section */
		78839DA82ABE9E8200D0778D /* Sources */ = {
			isa = PBXSourcesBuildPhase;
			buildActionMask = 2147483647;
			files = (
				7822060C2ABF2533004D84F6 /* BudgetView.swift in Sources */,
				782205F82ABEFD92004D84F6 /* ArcShape.swift in Sources */,
				78B5B24C2ABF35040075878F /* CategoryAdd.swift in Sources */,
				78097C0F2AC0409B0085A075 /* UserSessionManager.swift in Sources */,
				782206162ABF2901004D84F6 /* BudgetCard.swift in Sources */,
				782206092ABF1871004D84F6 /* NavigationTab.swift in Sources */,
				78E873BA2AC33E62008F15EB /* SummaryReport.swift in Sources */,
				78B5B2542ABF3F490075878F /* ExpensesAdd.swift in Sources */,
				78B5B2522ABF38C50075878F /* ButtonPrimary.swift in Sources */,
				782206012ABF0005004D84F6 /* UpcomingBillRow.swift in Sources */,
				78B5B2562ABF5C710075878F /* BarChart.swift in Sources */,
				78B5B24E2ABF36580075878F /* InpuTextField.swift in Sources */,
				782205F52ABEFC75004D84F6 /* SubscriptionModel.swift in Sources */,
				782205EA2ABEDD0D004D84F6 /* UserLoginScreenView.swift in Sources */,
				782205EC2ABEE6DB004D84F6 /* DashboardScreenview.swift in Sources */,
				782205FA2ABEFDCC004D84F6 /* StatusButton.swift in Sources */,
				782205E82ABED919004D84F6 /* UserRegistrationScreenView.swift in Sources */,
				78839DC12ABEACED00D0778D /* WelcomeScreenView.swift in Sources */,
				78839DB22ABE9E8200D0778D /* ContentView.swift in Sources */,
				782206122ABF263F004D84F6 /* BudgetModel.swift in Sources */,
				782205FF2ABEFFA9004D84F6 /* SubScriptionHomeRow.swift in Sources */,
				78839DB02ABE9E8200D0778D /* IOS_CW1App.swift in Sources */,
				782206032ABF1632004D84F6 /* Expense.swift in Sources */,
				78097C112AC1DE110085A075 /* IncomeAdd.swift in Sources */,
				78231C2B2AC1F49E00A54F0F /* SavingAdd.swift in Sources */,
				782205FC2ABEFF44004D84F6 /* SegmentButton.swift in Sources */,
			);
			runOnlyForDeploymentPostprocessing = 0;
		};
/* End PBXSourcesBuildPhase section */

/* Begin XCBuildConfiguration section */
		78839DB82ABE9E8400D0778D /* Debug */ = {
			isa = XCBuildConfiguration;
			buildSettings = {
				ALWAYS_SEARCH_USER_PATHS = NO;
				CLANG_ANALYZER_NONNULL = YES;
				CLANG_ANALYZER_NUMBER_OBJECT_CONVERSION = YES_AGGRESSIVE;
				CLANG_CXX_LANGUAGE_STANDARD = "gnu++20";
				CLANG_ENABLE_MODULES = YES;
				CLANG_ENABLE_OBJC_ARC = YES;
				CLANG_ENABLE_OBJC_WEAK = YES;
				CLANG_WARN_BLOCK_CAPTURE_AUTORELEASING = YES;
				CLANG_WARN_BOOL_CONVERSION = YES;
				CLANG_WARN_COMMA = YES;
				CLANG_WARN_CONSTANT_CONVERSION = YES;
				CLANG_WARN_DEPRECATED_OBJC_IMPLEMENTATIONS = YES;
				CLANG_WARN_DIRECT_OBJC_ISA_USAGE = YES_ERROR;
				CLANG_WARN_DOCUMENTATION_COMMENTS = YES;
				CLANG_WARN_EMPTY_BODY = YES;
				CLANG_WARN_ENUM_CONVERSION = YES;
				CLANG_WARN_INFINITE_RECURSION = YES;
				CLANG_WARN_INT_CONVERSION = YES;
				CLANG_WARN_NON_LITERAL_NULL_CONVERSION = YES;
				CLANG_WARN_OBJC_IMPLICIT_RETAIN_SELF = YES;
				CLANG_WARN_OBJC_LITERAL_CONVERSION = YES;
				CLANG_WARN_OBJC_ROOT_CLASS = YES_ERROR;
				CLANG_WARN_QUOTED_INCLUDE_IN_FRAMEWORK_HEADER = YES;
				CLANG_WARN_RANGE_LOOP_ANALYSIS = YES;
				CLANG_WARN_STRICT_PROTOTYPES = YES;
				CLANG_WARN_SUSPICIOUS_MOVE = YES;
				CLANG_WARN_UNGUARDED_AVAILABILITY = YES_AGGRESSIVE;
				CLANG_WARN_UNREACHABLE_CODE = YES;
				CLANG_WARN__DUPLICATE_METHOD_MATCH = YES;
				COPY_PHASE_STRIP = NO;
				DEBUG_INFORMATION_FORMAT = dwarf;
				ENABLE_STRICT_OBJC_MSGSEND = YES;
				ENABLE_TESTABILITY = YES;
				GCC_C_LANGUAGE_STANDARD = gnu11;
				GCC_DYNAMIC_NO_PIC = NO;
				GCC_NO_COMMON_BLOCKS = YES;
				GCC_OPTIMIZATION_LEVEL = 0;
				GCC_PREPROCESSOR_DEFINITIONS = (
					"DEBUG=1",
					"$(inherited)",
				);
				GCC_WARN_64_TO_32_BIT_CONVERSION = YES;
				GCC_WARN_ABOUT_RETURN_TYPE = YES_ERROR;
				GCC_WARN_UNDECLARED_SELECTOR = YES;
				GCC_WARN_UNINITIALIZED_AUTOS = YES_AGGRESSIVE;
				GCC_WARN_UNUSED_FUNCTION = YES;
				GCC_WARN_UNUSED_VARIABLE = YES;
				IPHONEOS_DEPLOYMENT_TARGET = 16.2;
				MTL_ENABLE_DEBUG_INFO = INCLUDE_SOURCE;
				MTL_FAST_MATH = YES;
				ONLY_ACTIVE_ARCH = YES;
				SDKROOT = iphoneos;
				SWIFT_ACTIVE_COMPILATION_CONDITIONS = DEBUG;
				SWIFT_OPTIMIZATION_LEVEL = "-Onone";
			};
			name = Debug;
		};
		78839DB92ABE9E8400D0778D /* Release */ = {
			isa = XCBuildConfiguration;
			buildSettings = {
				ALWAYS_SEARCH_USER_PATHS = NO;
				CLANG_ANALYZER_NONNULL = YES;
				CLANG_ANALYZER_NUMBER_OBJECT_CONVERSION = YES_AGGRESSIVE;
				CLANG_CXX_LANGUAGE_STANDARD = "gnu++20";
				CLANG_ENABLE_MODULES = YES;
				CLANG_ENABLE_OBJC_ARC = YES;
				CLANG_ENABLE_OBJC_WEAK = YES;
				CLANG_WARN_BLOCK_CAPTURE_AUTORELEASING = YES;
				CLANG_WARN_BOOL_CONVERSION = YES;
				CLANG_WARN_COMMA = YES;
				CLANG_WARN_CONSTANT_CONVERSION = YES;
				CLANG_WARN_DEPRECATED_OBJC_IMPLEMENTATIONS = YES;
				CLANG_WARN_DIRECT_OBJC_ISA_USAGE = YES_ERROR;
				CLANG_WARN_DOCUMENTATION_COMMENTS = YES;
				CLANG_WARN_EMPTY_BODY = YES;
				CLANG_WARN_ENUM_CONVERSION = YES;
				CLANG_WARN_INFINITE_RECURSION = YES;
				CLANG_WARN_INT_CONVERSION = YES;
				CLANG_WARN_NON_LITERAL_NULL_CONVERSION = YES;
				CLANG_WARN_OBJC_IMPLICIT_RETAIN_SELF = YES;
				CLANG_WARN_OBJC_LITERAL_CONVERSION = YES;
				CLANG_WARN_OBJC_ROOT_CLASS = YES_ERROR;
				CLANG_WARN_QUOTED_INCLUDE_IN_FRAMEWORK_HEADER = YES;
				CLANG_WARN_RANGE_LOOP_ANALYSIS = YES;
				CLANG_WARN_STRICT_PROTOTYPES = YES;
				CLANG_WARN_SUSPICIOUS_MOVE = YES;
				CLANG_WARN_UNGUARDED_AVAILABILITY = YES_AGGRESSIVE;
				CLANG_WARN_UNREACHABLE_CODE = YES;
				CLANG_WARN__DUPLICATE_METHOD_MATCH = YES;
				COPY_PHASE_STRIP = NO;
				DEBUG_INFORMATION_FORMAT = "dwarf-with-dsym";
				ENABLE_NS_ASSERTIONS = NO;
				ENABLE_STRICT_OBJC_MSGSEND = YES;
				GCC_C_LANGUAGE_STANDARD = gnu11;
				GCC_NO_COMMON_BLOCKS = YES;
				GCC_WARN_64_TO_32_BIT_CONVERSION = YES;
				GCC_WARN_ABOUT_RETURN_TYPE = YES_ERROR;
				GCC_WARN_UNDECLARED_SELECTOR = YES;
				GCC_WARN_UNINITIALIZED_AUTOS = YES_AGGRESSIVE;
				GCC_WARN_UNUSED_FUNCTION = YES;
				GCC_WARN_UNUSED_VARIABLE = YES;
				IPHONEOS_DEPLOYMENT_TARGET = 16.2;
				MTL_ENABLE_DEBUG_INFO = NO;
				MTL_FAST_MATH = YES;
				SDKROOT = iphoneos;
				SWIFT_COMPILATION_MODE = wholemodule;
				SWIFT_OPTIMIZATION_LEVEL = "-O";
				VALIDATE_PRODUCT = YES;
			};
			name = Release;
		};
		78839DBB2ABE9E8400D0778D /* Debug */ = {
			isa = XCBuildConfiguration;
			buildSettings = {
				ASSETCATALOG_COMPILER_APPICON_NAME = AppIcon;
				ASSETCATALOG_COMPILER_GLOBAL_ACCENT_COLOR_NAME = AccentColor;
				CODE_SIGN_STYLE = Automatic;
				CURRENT_PROJECT_VERSION = 1;
				DEVELOPMENT_ASSET_PATHS = "\"IOS_CW1/Preview Content\"";
				DEVELOPMENT_TEAM = RSQR8N842B;
				ENABLE_PREVIEWS = YES;
				GENERATE_INFOPLIST_FILE = YES;
				INFOPLIST_KEY_UIApplicationSceneManifest_Generation = YES;
				INFOPLIST_KEY_UIApplicationSupportsIndirectInputEvents = YES;
				INFOPLIST_KEY_UILaunchScreen_Generation = YES;
				INFOPLIST_KEY_UISupportedInterfaceOrientations_iPad = "UIInterfaceOrientationPortrait UIInterfaceOrientationPortraitUpsideDown UIInterfaceOrientationLandscapeLeft UIInterfaceOrientationLandscapeRight";
				INFOPLIST_KEY_UISupportedInterfaceOrientations_iPhone = "UIInterfaceOrientationPortrait UIInterfaceOrientationLandscapeLeft UIInterfaceOrientationLandscapeRight";
				LD_RUNPATH_SEARCH_PATHS = (
					"$(inherited)",
					"@executable_path/Frameworks",
				);
				MARKETING_VERSION = 1.0;
				PRODUCT_BUNDLE_IDENTIFIER = "NIBM.IOS-CW1";
				PRODUCT_NAME = "$(TARGET_NAME)";
				SWIFT_EMIT_LOC_STRINGS = YES;
				SWIFT_VERSION = 5.0;
				TARGETED_DEVICE_FAMILY = "1,2";
			};
			name = Debug;
		};
		78839DBC2ABE9E8400D0778D /* Release */ = {
			isa = XCBuildConfiguration;
			buildSettings = {
				ASSETCATALOG_COMPILER_APPICON_NAME = AppIcon;
				ASSETCATALOG_COMPILER_GLOBAL_ACCENT_COLOR_NAME = AccentColor;
				CODE_SIGN_STYLE = Automatic;
				CURRENT_PROJECT_VERSION = 1;
				DEVELOPMENT_ASSET_PATHS = "\"IOS_CW1/Preview Content\"";
				DEVELOPMENT_TEAM = RSQR8N842B;
				ENABLE_PREVIEWS = YES;
				GENERATE_INFOPLIST_FILE = YES;
				INFOPLIST_KEY_UIApplicationSceneManifest_Generation = YES;
				INFOPLIST_KEY_UIApplicationSupportsIndirectInputEvents = YES;
				INFOPLIST_KEY_UILaunchScreen_Generation = YES;
				INFOPLIST_KEY_UISupportedInterfaceOrientations_iPad = "UIInterfaceOrientationPortrait UIInterfaceOrientationPortraitUpsideDown UIInterfaceOrientationLandscapeLeft UIInterfaceOrientationLandscapeRight";
				INFOPLIST_KEY_UISupportedInterfaceOrientations_iPhone = "UIInterfaceOrientationPortrait UIInterfaceOrientationLandscapeLeft UIInterfaceOrientationLandscapeRight";
				LD_RUNPATH_SEARCH_PATHS = (
					"$(inherited)",
					"@executable_path/Frameworks",
				);
				MARKETING_VERSION = 1.0;
				PRODUCT_BUNDLE_IDENTIFIER = "NIBM.IOS-CW1";
				PRODUCT_NAME = "$(TARGET_NAME)";
				SWIFT_EMIT_LOC_STRINGS = YES;
				SWIFT_VERSION = 5.0;
				TARGETED_DEVICE_FAMILY = "1,2";
			};
			name = Release;
		};
/* End XCBuildConfiguration section */

/* Begin XCConfigurationList section */
		78839DA72ABE9E8200D0778D /* Build configuration list for PBXProject "IOS_CW1" */ = {
			isa = XCConfigurationList;
			buildConfigurations = (
				78839DB82ABE9E8400D0778D /* Debug */,
				78839DB92ABE9E8400D0778D /* Release */,
			);
			defaultConfigurationIsVisible = 0;
			defaultConfigurationName = Release;
		};
		78839DBA2ABE9E8400D0778D /* Build configuration list for PBXNativeTarget "IOS_CW1" */ = {
			isa = XCConfigurationList;
			buildConfigurations = (
				78839DBB2ABE9E8400D0778D /* Debug */,
				78839DBC2ABE9E8400D0778D /* Release */,
			);
			defaultConfigurationIsVisible = 0;
			defaultConfigurationName = Release;
		};
/* End XCConfigurationList section */

/* Begin XCRemoteSwiftPackageReference section */
		78B5B25C2ABF64150075878F /* XCRemoteSwiftPackageReference "SwiftPieChart" */ = {
			isa = XCRemoteSwiftPackageReference;
			repositoryURL = "https://github.com/ilamanov/SwiftPieChart";
			requirement = {
				kind = upToNextMajorVersion;
				minimumVersion = 1.0.0;
			};
		};
/* End XCRemoteSwiftPackageReference section */

/* Begin XCSwiftPackageProductDependency section */
		78B5B25D2ABF64150075878F /* SwiftPieChart */ = {
			isa = XCSwiftPackageProductDependency;
			package = 78B5B25C2ABF64150075878F /* XCRemoteSwiftPackageReference "SwiftPieChart" */;
			productName = SwiftPieChart;
		};
/* End XCSwiftPackageProductDependency section */
	};
	rootObject = 78839DA42ABE9E8200D0778D /* Project object */;
}
